
Microsoft Visual Studio Solution File, Format Version 12.00
# Visual Studio Version 17
VisualStudioVersion = 17.14.36705.20 d17.14
MinimumVisualStudioVersion = 10.0.40219.1
Project("{FAE04EC0-301F-11D3-BF4B-00C04F79EFBC}") = "SklepKomputerowy", "SklepKomputerowy\SklepKomputerowy.csproj", "{B216DFAB-855B-448C-9D6C-ED8910E5CF02}"
EndProject
Global
	GlobalSection(SolutionConfigurationPlatforms) = preSolution
		Debug|Any CPU = Debug|Any CPU
		Release|Any CPU = Release|Any CPU
	EndGlobalSection
	GlobalSection(ProjectConfigurationPlatforms) = postSolution
		{B216DFAB-855B-448C-9D6C-ED8910E5CF02}.Debug|Any CPU.ActiveCfg = Debug|Any CPU
		{B216DFAB-855B-448C-9D6C-ED8910E5CF02}.Debug|Any CPU.Build.0 = Debug|Any CPU
		{B216DFAB-855B-448C-9D6C-ED8910E5CF02}.Release|Any CPU.ActiveCfg = Release|Any CPU
		{B216DFAB-855B-448C-9D6C-ED8910E5CF02}.Release|Any CPU.Build.0 = Release|Any CPU
	EndGlobalSection
	GlobalSection(SolutionProperties) = preSolution
		HideSolutionNode = FALSE
	EndGlobalSection
	GlobalSection(ExtensibilityGlobals) = postSolution
		SolutionGuid = {557CF40E-AA58-453E-AA61-C98A42591DE2}
	EndGlobalSection
EndGlobal
